github.com/tencentcloud/tencentcloud-sdk-go/tencentcloud/common v1.1.48 h1:aoRUrz2ag27jQWcOKHgeE+toSti6/xPqHKMLruOtJuM=
github.com/tencentcloud/tencentcloud-sdk-go/tencentcloud/common v1.1.48/go.mod h1:r5r4xbfxSaeR04b166HGsBa/R4U3SueirEUpXGuw+Q0=
github.com/tencentcloud/tencentcloud-sdk-go/tencentcloud/teo v1.1.48 h1:7LgcsyFCVW0jdh8UKxqBETgudGIUc3dSspASkRuXCjo=
github.com/tencentcloud/tencentcloud-sdk-go/tencentcloud/teo v1.1.48/go.mod h1:7vDH31Nxy/A5Ut+iAf6e3nJ7jyNmACnpLkPoy/ymNjA=
